// !$*UTF8*$!
{
	archiveVersion = 1;
	classes = {
	};
	objectVersion = 50;
	objects = {

/* Begin PBXBuildFile section */
		4339649B2791694600D1C7D2 /* CarCustomerApp.swift in Sources */ = {isa = PBXBuildFile; fileRef = 4339649A2791694600D1C7D2 /* CarCustomerApp.swift */; };
		4339649D2791694600D1C7D2 /* ContentView.swift in Sources */ = {isa = PBXBuildFile; fileRef = 4339649C2791694600D1C7D2 /* ContentView.swift */; };
		4339649F2791694D00D1C7D2 /* Assets.xcassets in Resources */ = {isa = PBXBuildFile; fileRef = 4339649E2791694D00D1C7D2 /* Assets.xcassets */; };
		433964A22791694D00D1C7D2 /* Preview Assets.xcassets in Resources */ = {isa = PBXBuildFile; fileRef = 433964A12791694D00D1C7D2 /* Preview Assets.xcassets */; };
		433964AD2791694D00D1C7D2 /* CarCustomerTests.swift in Sources */ = {isa = PBXBuildFile; fileRef = 433964AC2791694D00D1C7D2 /* CarCustomerTests.swift */; };
		433964B82791694D00D1C7D2 /* CarCustomerUITests.swift in Sources */ = {isa = PBXBuildFile; fileRef = 433964B72791694D00D1C7D2 /* CarCustomerUITests.swift */; };
		43AFFD1C27955ED100BC108F /* StarterCars.swift in Sources */ = {isa = PBXBuildFile; fileRef = 43AFFD1B27955ED100BC108F /* StarterCars.swift */; };
		43D7E74D2791FBA300E37282 /* Car.swift in Sources */ = {isa = PBXBuildFile; fileRef = 43D7E74C2791FBA300E37282 /* Car.swift */; };
		43D7E7512791FBFD00E37282 /* Car.swift in Sources */ = {isa = PBXBuildFile; fileRef = 43D7E74C2791FBA300E37282 /* Car.swift */; };
/* End PBXBuildFile section */

/* Begin PBXContainerItemProxy section */
		433964A92791694D00D1C7D2 /* PBXContainerItemProxy */ = {
			isa = PBXContainerItemProxy;
			containerPortal = 4339648F2791694600D1C7D2 /* Project object */;
			proxyType = 1;
			remoteGlobalIDString = 433964962791694600D1C7D2;
			remoteInfo = CarCustomer;
		};
		433964B42791694D00D1C7D2 /* PBXContainerItemProxy */ = {
			isa = PBXContainerItemProxy;
			containerPortal = 4339648F2791694600D1C7D2 /* Project object */;
			proxyType = 1;
			remoteGlobalIDString = 433964962791694600D1C7D2;
			remoteInfo = CarCustomer;
		};
/* End PBXContainerItemProxy section */

/* Begin PBXFileReference section */
		433964972791694600D1C7D2 /* CarCustomer.app */ = {isa = PBXFileReference; explicitFileType = wrapper.application; includeInIndex = 0; path = CarCustomer.app; sourceTree = BUILT_PRODUCTS_DIR; };
		4339649A2791694600D1C7D2 /* CarCustomerApp.swift */ = {isa = PBXFileReference; lastKnownFileType = sourcecode.swift; path = CarCustomerApp.swift; sourceTree = "<group>"; };
		4339649C2791694600D1C7D2 /* ContentView.swift */ = {isa = PBXFileReference; lastKnownFileType = sourcecode.swift; path = ContentView.swift; sourceTree = "<group>"; };
		4339649E2791694D00D1C7D2 /* Assets.xcassets */ = {isa = PBXFileReference; lastKnownFileType = folder.assetcatalog; path = Assets.xcassets; sourceTree = "<group>"; };
		433964A12791694D00D1C7D2 /* Preview Assets.xcassets */ = {isa = PBXFileReference; lastKnownFileType = folder.assetcatalog; path = "Preview Assets.xcassets"; sourceTree = "<group>"; };
		433964A32791694D00D1C7D2 /* Info.plist */ = {isa = PBXFileReference; lastKnownFileType = text.plist.xml; path = Info.plist; sourceTree = "<group>"; };
		433964A82791694D00D1C7D2 /* CarCustomerTests.xctest */ = {isa = PBXFileReference; explicitFileType = wrapper.cfbundle; includeInIndex = 0; path = CarCustomerTests.xctest; sourceTree = BUILT_PRODUCTS_DIR; };
		433964AC2791694D00D1C7D2 /* CarCustomerTests.swift */ = {isa = PBXFileReference; lastKnownFileType = sourcecode.swift; path = CarCustomerTests.swift; sourceTree = "<group>"; };
		433964AE2791694D00D1C7D2 /* Info.plist */ = {isa = PBXFileReference; lastKnownFileType = text.plist.xml; path = Info.plist; sourceTree = "<group>"; };
		433964B32791694D00D1C7D2 /* CarCustomerUITests.xctest */ = {isa = PBXFileReference; explicitFileType = wrapper.cfbundle; includeInIndex = 0; path = CarCustomerUITests.xctest; sourceTree = BUILT_PRODUCTS_DIR; };
		433964B72791694D00D1C7D2 /* CarCustomerUITests.swift */ = {isa = PBXFileReference; lastKnownFileType = sourcecode.swift; path = CarCustomerUITests.swift; sourceTree = "<group>"; };
		433964B92791694D00D1C7D2 /* Info.plist */ = {isa = PBXFileReference; lastKnownFileType = text.plist.xml; path = Info.plist; sourceTree = "<group>"; };
		43AFFD1B27955ED100BC108F /* StarterCars.swift */ = {isa = PBXFileReference; lastKnownFileType = sourcecode.swift; path = StarterCars.swift; sourceTree = "<group>"; };
		43D7E74C2791FBA300E37282 /* Car.swift */ = {isa = PBXFileReference; lastKnownFileType = sourcecode.swift; path = Car.swift; sourceTree = "<group>"; };
/* End PBXFileReference section */

/* Begin PBXFrameworksBuildPhase section */
		433964942791694600D1C7D2 /* Frameworks */ = {
			isa = PBXFrameworksBuildPhase;
			buildActionMask = 2147483647;
			files = (
			);
			runOnlyForDeploymentPostprocessing = 0;
		};
		433964A52791694D00D1C7D2 /* Frameworks */ = {
			isa = PBXFrameworksBuildPhase;
			buildActionMask = 2147483647;
			files = (
			);
			runOnlyForDeploymentPostprocessing = 0;
		};
		433964B02791694D00D1C7D2 /* Frameworks */ = {
			isa = PBXFrameworksBuildPhase;
			buildActionMask = 2147483647;
			files = (
			);
			runOnlyForDeploymentPostprocessing = 0;
		};
/* End PBXFrameworksBuildPhase section */

/* Begin PBXGroup section */
		4339648E2791694600D1C7D2 = {
			isa = PBXGroup;
			children = (
				433964992791694600D1C7D2 /* CarCustomer */,
				433964AB2791694D00D1C7D2 /* CarCustomerTests */,
				433964B62791694D00D1C7D2 /* CarCustomerUITests */,
				433964982791694600D1C7D2 /* Products */,
			);
			sourceTree = "<group>";
		};
		433964982791694600D1C7D2 /* Products */ = {
			isa = PBXGroup;
			children = (
				433964972791694600D1C7D2 /* CarCustomer.app */,
				433964A82791694D00D1C7D2 /* CarCustomerTests.xctest */,
				433964B32791694D00D1C7D2 /* CarCustomerUITests.xctest */,
			);
			name = Products;
			sourceTree = "<group>";
		};
		433964992791694600D1C7D2 /* CarCustomer */ = {
			isa = PBXGroup;
			children = (
				4339649A2791694600D1C7D2 /* CarCustomerApp.swift */,
				4339649C2791694600D1C7D2 /* ContentView.swift */,
				4339649E2791694D00D1C7D2 /* Assets.xcassets */,
				433964A32791694D00D1C7D2 /* Info.plist */,
				433964A02791694D00D1C7D2 /* Preview Content */,
				43D7E74C2791FBA300E37282 /* Car.swift */,
				43AFFD1B27955ED100BC108F /* StarterCars.swift */,
			);
			path = CarCustomer;
			sourceTree = "<group>";
		};
		433964A02791694D00D1C7D2 /* Preview Content */ = {
			isa = PBXGroup;
			children = (
				433964A12791694D00D1C7D2 /* Preview Assets.xcassets */,
			);
			path = "Preview Content";
			sourceTree = "<group>";
		};
		433964AB2791694D00D1C7D2 /* CarCustomerTests */ = {
			isa = PBXGroup;
			children = (
				433964AC2791694D00D1C7D2 /* CarCustomerTests.swift */,
				433964AE2791694D00D1C7D2 /* Info.plist */,
			);
			path = CarCustomerTests;
			sourceTree = "<group>";
		};
		433964B62791694D00D1C7D2 /* CarCustomerUITests */ = {
			isa = PBXGroup;
			children = (
				433964B72791694D00D1C7D2 /* CarCustomerUITests.swift */,
				433964B92791694D00D1C7D2 /* Info.plist */,
			);
			path = CarCustomerUITests;
			sourceTree = "<group>";
		};
/* End PBXGroup section */

/* Begin PBXNativeTarget section */
		433964962791694600D1C7D2 /* CarCustomer */ = {
			isa = PBXNativeTarget;
			buildConfigurationList = 433964BC2791694D00D1C7D2 /* Build configuration list for PBXNativeTarget "CarCustomer" */;
			buildPhases = (
				433964932791694600D1C7D2 /* Sources */,
				433964942791694600D1C7D2 /* Frameworks */,
				433964952791694600D1C7D2 /* Resources */,
			);
			buildRules = (
			);
			dependencies = (
			);
			name = CarCustomer;
			productName = CarCustomer;
			productReference = 433964972791694600D1C7D2 /* CarCustomer.app */;
			productType = "com.apple.product-type.application";
		};
		433964A72791694D00D1C7D2 /* CarCustomerTests */ = {
			isa = PBXNativeTarget;
			buildConfigurationList = 433964BF2791694D00D1C7D2 /* Build configuration list for PBXNativeTarget "CarCustomerTests" */;
			buildPhases = (
				433964A42791694D00D1C7D2 /* Sources */,
				433964A52791694D00D1C7D2 /* Frameworks */,
				433964A62791694D00D1C7D2 /* Resources */,
			);
			buildRules = (
			);
			dependencies = (
				433964AA2791694D00D1C7D2 /* PBXTargetDependency */,
			);
			name = CarCustomerTests;
			productName = CarCustomerTests;
			productReference = 433964A82791694D00D1C7D2 /* CarCustomerTests.xctest */;
			productType = "com.apple.product-type.bundle.unit-test";
		};
		433964B22791694D00D1C7D2 /* CarCustomerUITests */ = {
			isa = PBXNativeTarget;
			buildConfigurationList = 433964C22791694D00D1C7D2 /* Build configuration list for PBXNativeTarget "CarCustomerUITests" */;
			buildPhases = (
				433964AF2791694D00D1C7D2 /* Sources */,
				433964B02791694D00D1C7D2 /* Frameworks */,
				433964B12791694D00D1C7D2 /* Resources */,
			);
			buildRules = (
			);
			dependencies = (
				433964B52791694D00D1C7D2 /* PBXTargetDependency */,
			);
			name = CarCustomerUITests;
			productName = CarCustomerUITests;
			productReference = 433964B32791694D00D1C7D2 /* CarCustomerUITests.xctest */;
			productType = "com.apple.product-type.bundle.ui-testing";
		};
/* End PBXNativeTarget section */

/* Begin PBXProject section */
		4339648F2791694600D1C7D2 /* Project object */ = {
			isa = PBXProject;
			attributes = {
				LastSwiftUpdateCheck = 1240;
				LastUpgradeCheck = 1240;
				TargetAttributes = {
					433964962791694600D1C7D2 = {
						CreatedOnToolsVersion = 12.4;
					};
					433964A72791694D00D1C7D2 = {
						CreatedOnToolsVersion = 12.4;
						TestTargetID = 433964962791694600D1C7D2;
					};
					433964B22791694D00D1C7D2 = {
						CreatedOnToolsVersion = 12.4;
						TestTargetID = 433964962791694600D1C7D2;
					};
				};
			};
			buildConfigurationList = 433964922791694600D1C7D2 /* Build configuration list for PBXProject "CarCustomer" */;
			compatibilityVersion = "Xcode 9.3";
			developmentRegion = en;
			hasScannedForEncodings = 0;
			knownRegions = (
				en,
				Base,
			);
			mainGroup = 4339648E2791694600D1C7D2;
			productRefGroup = 433964982791694600D1C7D2 /* Products */;
			projectDirPath = "";
			projectRoot = "";
			targets = (
				433964962791694600D1C7D2 /* CarCustomer */,
				433964A72791694D00D1C7D2 /* CarCustomerTests */,
				433964B22791694D00D1C7D2 /* CarCustomerUITests */,
			);
		};
/* End PBXProject section */

/* Begin PBXResourcesBuildPhase section */
		433964952791694600D1C7D2 /* Resources */ = {
			isa = PBXResourcesBuildPhase;
			buildActionMask = 2147483647;
			files = (
				433964A22791694D00D1C7D2 /* Preview Assets.xcassets in Resources */,
				4339649F2791694D00D1C7D2 /* Assets.xcassets in Resources */,
			);
			runOnlyForDeploymentPostprocessing = 0;
		};
		433964A62791694D00D1C7D2 /* Resources */ = {
			isa = PBXResourcesBuildPhase;
			buildActionMask = 2147483647;
			files = (
			);
			runOnlyForDeploymentPostprocessing = 0;
		};
		433964B12791694D00D1C7D2 /* Resources */ = {
			isa = PBXResourcesBuildPhase;
			buildActionMask = 2147483647;
			files = (
			);
			runOnlyForDeploymentPostprocessing = 0;
		};
/* End PBXResourcesBuildPhase section */

/* Begin PBXSourcesBuildPhase section */
		433964932791694600D1C7D2 /* Sources */ = {
			isa = PBXSourcesBuildPhase;
			buildActionMask = 2147483647;
			files = (
				4339649D2791694600D1C7D2 /* ContentView.swift in Sources */,
				4339649B2791694600D1C7D2 /* CarCustomerApp.swift in Sources */,
				43AFFD1C27955ED100BC108F /* StarterCars.swift in Sources */,
				43D7E74D2791FBA300E37282 /* Car.swift in Sources */,
			);
			runOnlyForDeploymentPostprocessing = 0;
		};
		433964A42791694D00D1C7D2 /* Sources */ = {
			isa = PBXSourcesBuildPhase;
			buildActionMask = 2147483647;
			files = (
				43D7E7512791FBFD00E37282 /* Car.swift in Sources */,
				433964AD2791694D00D1C7D2 /* CarCustomerTests.swift in Sources */,
			);
			runOnlyForDeploymentPostprocessing = 0;
		};
		433964AF2791694D00D1C7D2 /* Sources */ = {
			isa = PBXSourcesBuildPhase;
			buildActionMask = 2147483647;
			files = (
				433964B82791694D00D1C7D2 /* CarCustomerUITests.swift in Sources */,
			);
			runOnlyForDeploymentPostprocessing = 0;
		};
/* End PBXSourcesBuildPhase section */

/* Begin PBXTargetDependency section */
		433964AA2791694D00D1C7D2 /* PBXTargetDependency */ = {
			isa = PBXTargetDependency;
			target = 433964962791694600D1C7D2 /* CarCustomer */;
			targetProxy = 433964A92791694D00D1C7D2 /* PBXContainerItemProxy */;
		};
		433964B52791694D00D1C7D2 /* PBXTargetDependency */ = {
			isa = PBXTargetDependency;
			target = 433964962791694600D1C7D2 /* CarCustomer */;
			targetProxy = 433964B42791694D00D1C7D2 /* PBXContainerItemProxy */;
		};
/* End PBXTargetDependency section */

/* Begin XCBuildConfiguration section */
		433964BA2791694D00D1C7D2 /* Debug */ = {
			isa = XCBuildConfiguration;
			buildSettings = {
				ALWAYS_SEARCH_USER_PATHS = NO;
				CLANG_ANALYZER_NONNULL = YES;
				CLANG_ANALYZER_NUMBER_OBJECT_CONVERSION = YES_AGGRESSIVE;
				CLANG_CXX_LANGUAGE_STANDARD = "gnu++14";
				CLANG_CXX_LIBRARY = "libc++";
				CLANG_ENABLE_MODULES = YES;
				CLANG_ENABLE_OBJC_ARC = YES;
				CLANG_ENABLE_OBJC_WEAK = YES;
				CLANG_WARN_BLOCK_CAPTURE_AUTORELEASING = YES;
				CLANG_WARN_BOOL_CONVERSION = YES;
				CLANG_WARN_COMMA = YES;
				CLANG_WARN_CONSTANT_CONVERSION = YES;
				CLANG_WARN_DEPRECATED_OBJC_IMPLEMENTATIONS = YES;
				CLANG_WARN_DIRECT_OBJC_ISA_USAGE = YES_ERROR;
				CLANG_WARN_DOCUMENTATION_COMMENTS = YES;
				CLANG_WARN_EMPTY_BODY = YES;
				CLANG_WARN_ENUM_CONVERSION = YES;
				CLANG_WARN_INFINITE_RECURSION = YES;
				CLANG_WARN_INT_CONVERSION = YES;
				CLANG_WARN_NON_LITERAL_NULL_CONVERSION = YES;
				CLANG_WARN_OBJC_IMPLICIT_RETAIN_SELF = YES;
				CLANG_WARN_OBJC_LITERAL_CONVERSION = YES;
				CLANG_WARN_OBJC_ROOT_CLASS = YES_ERROR;
				CLANG_WARN_QUOTED_INCLUDE_IN_FRAMEWORK_HEADER = YES;
				CLANG_WARN_RANGE_LOOP_ANALYSIS = YES;
				CLANG_WARN_STRICT_PROTOTYPES = YES;
				CLANG_WARN_SUSPICIOUS_MOVE = YES;
				CLANG_WARN_UNGUARDED_AVAILABILITY = YES_AGGRESSIVE;
				CLANG_WARN_UNREACHABLE_CODE = YES;
				CLANG_WARN__DUPLICATE_METHOD_MATCH = YES;
				COPY_PHASE_STRIP = NO;
				DEBUG_INFORMATION_FORMAT = dwarf;
				ENABLE_STRICT_OBJC_MSGSEND = YES;
				ENABLE_TESTABILITY = YES;
				GCC_C_LANGUAGE_STANDARD = gnu11;
				GCC_DYNAMIC_NO_PIC = NO;
				GCC_NO_COMMON_BLOCKS = YES;
				GCC_OPTIMIZATION_LEVEL = 0;
				GCC_PREPROCESSOR_DEFINITIONS = (
					"DEBUG=1",
					"$(inherited)",
				);
				GCC_WARN_64_TO_32_BIT_CONVERSION = YES;
				GCC_WARN_ABOUT_RETURN_TYPE = YES_ERROR;
				GCC_WARN_UNDECLARED_SELECTOR = YES;
				GCC_WARN_UNINITIALIZED_AUTOS = YES_AGGRESSIVE;
				GCC_WARN_UNUSED_FUNCTION = YES;
				GCC_WARN_UNUSED_VARIABLE = YES;
				IPHONEOS_DEPLOYMENT_TARGET = 14.4;
				MTL_ENABLE_DEBUG_INFO = INCLUDE_SOURCE;
				MTL_FAST_MATH = YES;
				ONLY_ACTIVE_ARCH = YES;
				SDKROOT = iphoneos;
				SWIFT_ACTIVE_COMPILATION_CONDITIONS = DEBUG;
				SWIFT_OPTIMIZATION_LEVEL = "-Onone";
			};
			name = Debug;
		};
		433964BB2791694D00D1C7D2 /* Release */ = {
			isa = XCBuildConfiguration;
			buildSettings = {
				ALWAYS_SEARCH_USER_PATHS = NO;
				CLANG_ANALYZER_NONNULL = YES;
				CLANG_ANALYZER_NUMBER_OBJECT_CONVERSION = YES_AGGRESSIVE;
				CLANG_CXX_LANGUAGE_STANDARD = "gnu++14";
				CLANG_CXX_LIBRARY = "libc++";
				CLANG_ENABLE_MODULES = YES;
				CLANG_ENABLE_OBJC_ARC = YES;
				CLANG_ENABLE_OBJC_WEAK = YES;
				CLANG_WARN_BLOCK_CAPTURE_AUTORELEASING = YES;
				CLANG_WARN_BOOL_CONVERSION = YES;
				CLANG_WARN_COMMA = YES;
				CLANG_WARN_CONSTANT_CONVERSION = YES;
				CLANG_WARN_DEPRECATED_OBJC_IMPLEMENTATIONS = YES;
				CLANG_WARN_DIRECT_OBJC_ISA_USAGE = YES_ERROR;
				CLANG_WARN_DOCUMENTATION_COMMENTS = YES;
				CLANG_WARN_EMPTY_BODY = YES;
				CLANG_WARN_ENUM_CONVERSION = YES;
				CLANG_WARN_INFINITE_RECURSION = YES;
				CLANG_WARN_INT_CONVERSION = YES;
				CLANG_WARN_NON_LITERAL_NULL_CONVERSION = YES;
				CLANG_WARN_OBJC_IMPLICIT_RETAIN_SELF = YES;
				CLANG_WARN_OBJC_LITERAL_CONVERSION = YES;
				CLANG_WARN_OBJC_ROOT_CLASS = YES_ERROR;
				CLANG_WARN_QUOTED_INCLUDE_IN_FRAMEWORK_HEADER = YES;
				CLANG_WARN_RANGE_LOOP_ANALYSIS = YES;
				CLANG_WARN_STRICT_PROTOTYPES = YES;
				CLANG_WARN_SUSPICIOUS_MOVE = YES;
				CLANG_WARN_UNGUARDED_AVAILABILITY = YES_AGGRESSIVE;
				CLANG_WARN_UNREACHABLE_CODE = YES;
				CLANG_WARN__DUPLICATE_METHOD_MATCH = YES;
				COPY_PHASE_STRIP = NO;
				DEBUG_INFORMATION_FORMAT = "dwarf-with-dsym";
				ENABLE_NS_ASSERTIONS = NO;
				ENABLE_STRICT_OBJC_MSGSEND = YES;
				GCC_C_LANGUAGE_STANDARD = gnu11;
				GCC_NO_COMMON_BLOCKS = YES;
				GCC_WARN_64_TO_32_BIT_CONVERSION = YES;
				GCC_WARN_ABOUT_RETURN_TYPE = YES_ERROR;
				GCC_WARN_UNDECLARED_SELECTOR = YES;
				GCC_WARN_UNINITIALIZED_AUTOS = YES_AGGRESSIVE;
				GCC_WARN_UNUSED_FUNCTION = YES;
				GCC_WARN_UNUSED_VARIABLE = YES;
				IPHONEOS_DEPLOYMENT_TARGET = 14.4;
				MTL_ENABLE_DEBUG_INFO = NO;
				MTL_FAST_MATH = YES;
				SDKROOT = iphoneos;
				SWIFT_COMPILATION_MODE = wholemodule;
				SWIFT_OPTIMIZATION_LEVEL = "-O";
				VALIDATE_PRODUCT = YES;
			};
			name = Release;
		};
		433964BD2791694D00D1C7D2 /* Debug */ = {
			isa = XCBuildConfiguration;
			buildSettings = {
				ASSETCATALOG_COMPILER_APPICON_NAME = AppIcon;
				ASSETCATALOG_COMPILER_GLOBAL_ACCENT_COLOR_NAME = AccentColor;
				CODE_SIGN_STYLE = Automatic;
				DEVELOPMENT_ASSET_PATHS = "\"CarCustomer/Preview Content\"";
				ENABLE_PREVIEWS = YES;
				INFOPLIST_FILE = CarCustomer/Info.plist;
				IPHONEOS_DEPLOYMENT_TARGET = 14.0;
				LD_RUNPATH_SEARCH_PATHS = (
					"$(inherited)",
					"@executable_path/Frameworks",
				);
				PRODUCT_BUNDLE_IDENTIFIER = orcaEnterprises.CarCustomer;
				PRODUCT_NAME = "$(TARGET_NAME)";
				SWIFT_VERSION = 5.0;
				TARGETED_DEVICE_FAMILY = "1,2";
			};
			name = Debug;
		};
		433964BE2791694D00D1C7D2 /* Release */ = {
			isa = XCBuildConfiguration;
			buildSettings = {
				ASSETCATALOG_COMPILER_APPICON_NAME = AppIcon;
				ASSETCATALOG_COMPILER_GLOBAL_ACCENT_COLOR_NAME = AccentColor;
				CODE_SIGN_STYLE = Automatic;
				DEVELOPMENT_ASSET_PATHS = "\"CarCustomer/Preview Content\"";
				ENABLE_PREVIEWS = YES;
				INFOPLIST_FILE = CarCustomer/Info.plist;
				IPHONEOS_DEPLOYMENT_TARGET = 14.0;
				LD_RUNPATH_SEARCH_PATHS = (
					"$(inherited)",
					"@executable_path/Frameworks",
				);
				PRODUCT_BUNDLE_IDENTIFIER = orcaEnterprises.CarCustomer;
				PRODUCT_NAME = "$(TARGET_NAME)";
				SWIFT_VERSION = 5.0;
				TARGETED_DEVICE_FAMILY = "1,2";
			};
			name = Release;
		};
		433964C02791694D00D1C7D2 /* Debug */ = {
			isa = XCBuildConfiguration;
			buildSettings = {
				ALWAYS_EMBED_SWIFT_STANDARD_LIBRARIES = YES;
				BUNDLE_LOADER = "$(TEST_HOST)";
				CODE_SIGN_STYLE = Automatic;
				INFOPLIST_FILE = CarCustomerTests/Info.plist;
				IPHONEOS_DEPLOYMENT_TARGET = 14.0;
				LD_RUNPATH_SEARCH_PATHS = (
					"$(inherited)",
					"@executable_path/Frameworks",
					"@loader_path/Frameworks",
				);
				PRODUCT_BUNDLE_IDENTIFIER = orcaEnterprises.CarCustomerTests;
				PRODUCT_NAME = "$(TARGET_NAME)";
				SWIFT_VERSION = 5.0;
				TARGETED_DEVICE_FAMILY = "1,2";
				TEST_HOST = "$(BUILT_PRODUCTS_DIR)/CarCustomer.app/CarCustomer";
			};
			name = Debug;
		};
		433964C12791694D00D1C7D2 /* Release */ = {
			isa = XCBuildConfiguration;
			buildSettings = {
				ALWAYS_EMBED_SWIFT_STANDARD_LIBRARIES = YES;
				BUNDLE_LOADER = "$(TEST_HOST)";
				CODE_SIGN_STYLE = Automatic;
				INFOPLIST_FILE = CarCustomerTests/Info.plist;
				IPHONEOS_DEPLOYMENT_TARGET = 14.0;
				LD_RUNPATH_SEARCH_PATHS = (
					"$(inherited)",
					"@executable_path/Frameworks",
					"@loader_path/Frameworks",
				);
				PRODUCT_BUNDLE_IDENTIFIER = orcaEnterprises.CarCustomerTests;
				PRODUCT_NAME = "$(TARGET_NAME)";
				SWIFT_VERSION = 5.0;
				TARGETED_DEVICE_FAMILY = "1,2";
				TEST_HOST = "$(BUILT_PRODUCTS_DIR)/CarCustomer.app/CarCustomer";
			};
			name = Release;
		};
		433964C32791694D00D1C7D2 /* Debug */ = {
			isa = XCBuildConfiguration;
			buildSettings = {
				ALWAYS_EMBED_SWIFT_STANDARD_LIBRARIES = YES;
				CODE_SIGN_STYLE = Automatic;
				INFOPLIST_FILE = CarCustomerUITests/Info.plist;
				LD_RUNPATH_SEARCH_PATHS = (
					"$(inherited)",
					"@executable_path/Frameworks",
					"@loader_path/Frameworks",
				);
				PRODUCT_BUNDLE_IDENTIFIER = orcaEnterprises.CarCustomerUITests;
				PRODUCT_NAME = "$(TARGET_NAME)";
				SWIFT_VERSION = 5.0;
				TARGETED_DEVICE_FAMILY = "1,2";
				TEST_TARGET_NAME = CarCustomer;
			};
			name = Debug;
		};
		433964C42791694D00D1C7D2 /* Release */ = {
			isa = XCBuildConfiguration;
			buildSettings = {
				ALWAYS_EMBED_SWIFT_STANDARD_LIBRARIES = YES;
				CODE_SIGN_STYLE = Automatic;
				INFOPLIST_FILE = CarCustomerUITests/Info.plist;
				LD_RUNPATH_SEARCH_PATHS = (
					"$(inherited)",
					"@executable_path/Frameworks",
					"@loader_path/Frameworks",
				);
				PRODUCT_BUNDLE_IDENTIFIER = orcaEnterprises.CarCustomerUITests;
				PRODUCT_NAME = "$(TARGET_NAME)";
				SWIFT_VERSION = 5.0;
				TARGETED_DEVICE_FAMILY = "1,2";
				TEST_TARGET_NAME = CarCustomer;
			};
			name = Release;
		};
/* End XCBuildConfiguration section */

/* Begin XCConfigurationList section */
		433964922791694600D1C7D2 /* Build configuration list for PBXProject "CarCustomer" */ = {
			isa = XCConfigurationList;
			buildConfigurations = (
				433964BA2791694D00D1C7D2 /* Debug */,
				433964BB2791694D00D1C7D2 /* Release */,
			);
			defaultConfigurationIsVisible = 0;
			defaultConfigurationName = Release;
		};
		433964BC2791694D00D1C7D2 /* Build configuration list for PBXNativeTarget "CarCustomer" */ = {
			isa = XCConfigurationList;
			buildConfigurations = (
				433964BD2791694D00D1C7D2 /* Debug */,
				433964BE2791694D00D1C7D2 /* Release */,
			);
			defaultConfigurationIsVisible = 0;
			defaultConfigurationName = Release;
		};
		433964BF2791694D00D1C7D2 /* Build configuration list for PBXNativeTarget "CarCustomerTests" */ = {
			isa = XCConfigurationList;
			buildConfigurations = (
				433964C02791694D00D1C7D2 /* Debug */,
				433964C12791694D00D1C7D2 /* Release */,
			);
			defaultConfigurationIsVisible = 0;
			defaultConfigurationName = Release;
		};
		433964C22791694D00D1C7D2 /* Build configuration list for PBXNativeTarget "CarCustomerUITests" */ = {
			isa = XCConfigurationList;
			buildConfigurations = (
				433964C32791694D00D1C7D2 /* Debug */,
				433964C42791694D00D1C7D2 /* Release */,
			);
			defaultConfigurationIsVisible = 0;
			defaultConfigurationName = Release;
		};
/* End XCConfigurationList section */
	};
	rootObject = 4339648F2791694600D1C7D2 /* Project object */;
}
